
Microsoft Visual Studio Solution File, Format Version 12.00
# Visual Studio Version 17
VisualStudioVersion = 17.6.33829.357
MinimumVisualStudioVersion = 10.0.40219.1
Project("{FAE04EC0-301F-11D3-BF4B-00C04F79EFBC}") = "ChallengeAluraBackEnd_7", "ChallengeAluraBackEnd_7\ChallengeAluraBackEnd_7.csproj", "{D13D4095-E906-4B85-B93A-F08FE7FA85FE}"
EndProject
Global
	GlobalSection(SolutionConfigurationPlatforms) = preSolution
		Debug|Any CPU = Debug|Any CPU
		Release|Any CPU = Release|Any CPU
	EndGlobalSection
	GlobalSection(ProjectConfigurationPlatforms) = postSolution
		{D13D4095-E906-4B85-B93A-F08FE7FA85FE}.Debug|Any CPU.ActiveCfg = Debug|Any CPU
		{D13D4095-E906-4B85-B93A-F08FE7FA85FE}.Debug|Any CPU.Build.0 = Debug|Any CPU
		{D13D4095-E906-4B85-B93A-F08FE7FA85FE}.Release|Any CPU.ActiveCfg = Release|Any CPU
		{D13D4095-E906-4B85-B93A-F08FE7FA85FE}.Release|Any CPU.Build.0 = Release|Any CPU
	EndGlobalSection
	GlobalSection(SolutionProperties) = preSolution
		HideSolutionNode = FALSE
	EndGlobalSection
	GlobalSection(ExtensibilityGlobals) = postSolution
		SolutionGuid = {61973C07-B350-45D1-A90D-605E967CE081}
	EndGlobalSection
EndGlobal
